
Microsoft Visual Studio Solution File, Format Version 12.00
# Visual Studio Version 16
VisualStudioVersion = 16.0.29709.97
MinimumVisualStudioVersion = 10.0.40219.1
Project("{FAE04EC0-301F-11D3-BF4B-00C04F79EFBC}") = "WindowsFormsCatamaran", "WindowsFormsCatamaran\WindowsFormsCatamaran.csproj", "{7EB9FE71-4090-4C53-A6F0-B59D6BFA2316}"
EndProject
Global
	GlobalSection(SolutionConfigurationPlatforms) = preSolution
		Debug|Any CPU = Debug|Any CPU
		Release|Any CPU = Release|Any CPU
	EndGlobalSection
	GlobalSection(ProjectConfigurationPlatforms) = postSolution
		{7EB9FE71-4090-4C53-A6F0-B59D6BFA2316}.Debug|Any CPU.ActiveCfg = Debug|Any CPU
		{7EB9FE71-4090-4C53-A6F0-B59D6BFA2316}.Debug|Any CPU.Build.0 = Debug|Any CPU
		{7EB9FE71-4090-4C53-A6F0-B59D6BFA2316}.Release|Any CPU.ActiveCfg = Release|Any CPU
		{7EB9FE71-4090-4C53-A6F0-B59D6BFA2316}.Release|Any CPU.Build.0 = Release|Any CPU
	EndGlobalSection
	GlobalSection(SolutionProperties) = preSolution
		HideSolutionNode = FALSE
	EndGlobalSection
	GlobalSection(ExtensibilityGlobals) = postSolution
		SolutionGuid = {CCB5B4A5-8322-476C-92D8-11024E323D0F}
	EndGlobalSection
EndGlobal
